
Microsoft Visual Studio Solution File, Format Version 12.00
# Visual Studio 14
VisualStudioVersion = 14.0.25420.1
MinimumVisualStudioVersion = 10.0.40219.1
Project("{FAE04EC0-301F-11D3-BF4B-00C04F79EFBC}") = "Checking", "Checking\Checking.csproj", "{A161EF7F-5573-48E0-A3A6-964C06CF12ED}"
EndProject
Project("{FAE04EC0-301F-11D3-BF4B-00C04F79EFBC}") = "CheckingTest", "CheckingTest\CheckingTest.csproj", "{D29F7C5C-D4FD-4DFF-9213-296334D725DE}"
EndProject
Global
	GlobalSection(SolutionConfigurationPlatforms) = preSolution
		Debug|Any CPU = Debug|Any CPU
		Release|Any CPU = Release|Any CPU
	EndGlobalSection
	GlobalSection(ProjectConfigurationPlatforms) = postSolution
		{A161EF7F-5573-48E0-A3A6-964C06CF12ED}.Debug|Any CPU.ActiveCfg = Debug|Any CPU
		{A161EF7F-5573-48E0-A3A6-964C06CF12ED}.Debug|Any CPU.Build.0 = Debug|Any CPU
		{A161EF7F-5573-48E0-A3A6-964C06CF12ED}.Release|Any CPU.ActiveCfg = Release|Any CPU
		{A161EF7F-5573-48E0-A3A6-964C06CF12ED}.Release|Any CPU.Build.0 = Release|Any CPU
		{D29F7C5C-D4FD-4DFF-9213-296334D725DE}.Debug|Any CPU.ActiveCfg = Debug|Any CPU
		{D29F7C5C-D4FD-4DFF-9213-296334D725DE}.Debug|Any CPU.Build.0 = Debug|Any CPU
		{D29F7C5C-D4FD-4DFF-9213-296334D725DE}.Release|Any CPU.ActiveCfg = Release|Any CPU
		{D29F7C5C-D4FD-4DFF-9213-296334D725DE}.Release|Any CPU.Build.0 = Release|Any CPU
	EndGlobalSection
	GlobalSection(SolutionProperties) = preSolution
		HideSolutionNode = FALSE
	EndGlobalSection
EndGlobal
